# THIS IS AN AUTOGENERATED FILE. DO NOT EDIT THIS FILE DIRECTLY.
# yarn lockfile v1


"@nodelib/fs.scandir@2.1.5":
  version "2.1.5"
  resolved "https://registry.yarnpkg.com/@nodelib/fs.scandir/-/fs.scandir-2.1.5.tgz#7619c2eb21b25483f6d167548b4cfd5a7488c3d5"
  integrity sha512-vq24Bq3ym5HEQm2NKCr3yXDwjc7vTsEThRDnkp2DK9p1uqLR+DHurm/NOTo0KG7HYHU7eppKZj3MyqYuMBf62g==
  dependencies:
    "@nodelib/fs.stat" "2.0.5"
    run-parallel "^1.1.9"

"@nodelib/fs.stat@2.0.5", "@nodelib/fs.stat@^2.0.2":
  version "2.0.5"
  resolved "https://registry.yarnpkg.com/@nodelib/fs.stat/-/fs.stat-2.0.5.tgz#5bd262af94e9d25bd1e71b05deed44876a222e8b"
  integrity sha512-RkhPPp2zrqDAQA/2jNhnztcPAlv64XdhIp7a7454A5ovI7Bukxgt7MX7udwAu3zg1DcpPU0rz3VV1SeaqvY4+A==

"@nodelib/fs.walk@^1.2.3":
  version "1.2.8"
  resolved "https://registry.yarnpkg.com/@nodelib/fs.walk/-/fs.walk-1.2.8.tgz#e95737e8bb6746ddedf69c556953494f196fe69a"
  integrity sha512-oGB+UxlgWcgQkgwo8GcEGwemoTFt3FIO9ababBmaGwXIoBKZ+GTy0pP185beGg7Llih/NSHSV2XAs1lnznocSg==
  dependencies:
    "@nodelib/fs.scandir" "2.1.5"
    fastq "^1.6.0"

"@octokit/auth-app@3.6.1":
  version "3.6.1"
  resolved "https://registry.yarnpkg.com/@octokit/auth-app/-/auth-app-3.6.1.tgz#aa5b02cc211175cbc28ce6c03c73373c1206d632"
  integrity sha512-6oa6CFphIYI7NxxHrdVOzhG7hkcKyGyYocg7lNDSJVauVOLtylg8hNJzoUyPAYKKK0yUeoZamE/lMs2tG+S+JA==
  dependencies:
    "@octokit/auth-oauth-app" "^4.3.0"
    "@octokit/auth-oauth-user" "^1.2.3"
    "@octokit/request" "^5.6.0"
    "@octokit/request-error" "^2.1.0"
    "@octokit/types" "^6.0.3"
    "@types/lru-cache" "^5.1.0"
    deprecation "^2.3.1"
    lru-cache "^6.0.0"
    universal-github-app-jwt "^1.0.1"
    universal-user-agent "^6.0.0"

"@octokit/auth-oauth-app@^4.3.0":
  version "4.3.4"
  resolved "https://registry.yarnpkg.com/@octokit/auth-oauth-app/-/auth-oauth-app-4.3.4.tgz#7030955b1a59d4d977904775c606477d95fcfe8e"
  integrity sha512-OYOTSSINeUAiLMk1uelaGB/dEkReBqHHr8+hBejzMG4z1vA4c7QSvDAS0RVZSr4oD4PEUPYFzEl34K7uNrXcWA==
  dependencies:
    "@octokit/auth-oauth-device" "^3.1.1"
    "@octokit/auth-oauth-user" "^2.0.0"
    "@octokit/request" "^5.6.3"
    "@octokit/types" "^6.0.3"
    "@types/btoa-lite" "^1.0.0"
    btoa-lite "^1.0.0"
    universal-user-agent "^6.0.0"

"@octokit/auth-oauth-device@^3.1.1":
  version "3.1.4"
  resolved "https://registry.yarnpkg.com/@octokit/auth-oauth-device/-/auth-oauth-device-3.1.4.tgz#703c42f27a1e2eb23498a7001ad8e9ecf4a2f477"
  integrity sha512-6sHE/++r+aEFZ/BKXOGPJcH/nbgbBjS1A4CHfq/PbPEwb0kZEt43ykW98GBO/rYBPAYaNpCPvXfGwzgR9yMCXg==
  dependencies:
    "@octokit/oauth-methods" "^2.0.0"
    "@octokit/request" "^6.0.0"
    "@octokit/types" "^6.10.0"
    universal-user-agent "^6.0.0"

"@octokit/auth-oauth-device@^4.0.0":
  version "4.0.5"
  resolved "https://registry.yarnpkg.com/@octokit/auth-oauth-device/-/auth-oauth-device-4.0.5.tgz#21e981f51ae63d419ca3db0b75e32c85b33fa0da"
  integrity sha512-XyhoWRTzf2ZX0aZ52a6Ew5S5VBAfwwx1QnC2Np6Et3MWQpZjlREIcbcvVZtkNuXp6Z9EeiSLSDUqm3C+aMEHzQ==
  dependencies:
    "@octokit/oauth-methods" "^2.0.0"
    "@octokit/request" "^6.0.0"
    "@octokit/types" "^9.0.0"
    universal-user-agent "^6.0.0"

"@octokit/auth-oauth-user@^1.2.3":
  version "1.3.0"
  resolved "https://registry.yarnpkg.com/@octokit/auth-oauth-user/-/auth-oauth-user-1.3.0.tgz#da4e4529145181a6aa717ae858afb76ebd6e3360"
  integrity sha512-3QC/TAdk7onnxfyZ24BnJRfZv8TRzQK7SEFUS9vLng4Vv6Hv6I64ujdk/CUkREec8lhrwU764SZ/d+yrjjqhaQ==
  dependencies:
    "@octokit/auth-oauth-device" "^3.1.1"
    "@octokit/oauth-methods" "^1.1.0"
    "@octokit/request" "^5.4.14"
    "@octokit/types" "^6.12.2"
    btoa-lite "^1.0.0"
    universal-user-agent "^6.0.0"

"@octokit/auth-oauth-user@^2.0.0":
  version "2.1.2"
  resolved "https://registry.yarnpkg.com/@octokit/auth-oauth-user/-/auth-oauth-user-2.1.2.tgz#7091e1b29527e577b16d0f1699d49fe3d39946ff"
  integrity sha512-kkRqNmFe7s5GQcojE3nSlF+AzYPpPv7kvP/xYEnE57584pixaFBH8Vovt+w5Y3E4zWUEOxjdLItmBTFAWECPAg==
  dependencies:
    "@octokit/auth-oauth-device" "^4.0.0"
    "@octokit/oauth-methods" "^2.0.0"
    "@octokit/request" "^6.0.0"
    "@octokit/types" "^9.0.0"
    btoa-lite "^1.0.0"
    universal-user-agent "^6.0.0"

"@octokit/auth-token@^2.4.4":
  version "2.5.0"
  resolved "https://registry.yarnpkg.com/@octokit/auth-token/-/auth-token-2.5.0.tgz#27c37ea26c205f28443402477ffd261311f21e36"
  integrity sha512-r5FVUJCOLl19AxiuZD2VRZ/ORjp/4IN98Of6YJoJOkY75CIBuYfmiNHGrDwXr+aLGG55igl9QrxX3hbiXlLb+g==
  dependencies:
    "@octokit/types" "^6.0.3"

"@octokit/core@^3.5.1":
  version "3.6.0"
  resolved "https://registry.yarnpkg.com/@octokit/core/-/core-3.6.0.tgz#3376cb9f3008d9b3d110370d90e0a1fcd5fe6085"
  integrity sha512-7RKRKuA4xTjMhY+eG3jthb3hlZCsOwg3rztWh75Xc+ShDWOfDDATWbeZpAHBNRpm4Tv9WgBMOy1zEJYXG6NJ7Q==
  dependencies:
    "@octokit/auth-token" "^2.4.4"
    "@octokit/graphql" "^4.5.8"
    "@octokit/request" "^5.6.3"
    "@octokit/request-error" "^2.0.5"
    "@octokit/types" "^6.0.3"
    before-after-hook "^2.2.0"
    universal-user-agent "^6.0.0"

"@octokit/endpoint@^6.0.1":
  version "6.0.12"
  resolved "https://registry.yarnpkg.com/@octokit/endpoint/-/endpoint-6.0.12.tgz#3b4d47a4b0e79b1027fb8d75d4221928b2d05658"
  integrity sha512-lF3puPwkQWGfkMClXb4k/eUT/nZKQfxinRWJrdZaJO85Dqwo/G0yOC434Jr2ojwafWJMYqFGFa5ms4jJUgujdA==
  dependencies:
    "@octokit/types" "^6.0.3"
    is-plain-object "^5.0.0"
    universal-user-agent "^6.0.0"

"@octokit/endpoint@^7.0.0":
  version "7.0.6"
  resolved "https://registry.yarnpkg.com/@octokit/endpoint/-/endpoint-7.0.6.tgz#791f65d3937555141fb6c08f91d618a7d645f1e2"
  integrity sha512-5L4fseVRUsDFGR00tMWD/Trdeeihn999rTMGRMC1G/Ldi1uWlWJzI98H4Iak5DB/RVvQuyMYKqSK/R6mbSOQyg==
  dependencies:
    "@octokit/types" "^9.0.0"
    is-plain-object "^5.0.0"
    universal-user-agent "^6.0.0"

"@octokit/graphql@^4.5.8":
  version "4.8.0"
  resolved "https://registry.yarnpkg.com/@octokit/graphql/-/graphql-4.8.0.tgz#664d9b11c0e12112cbf78e10f49a05959aa22cc3"
  integrity sha512-0gv+qLSBLKF0z8TKaSKTsS39scVKF9dbMxJpj3U0vC7wjNWFuIpL/z76Qe2fiuCbDRcJSavkXsVtMS6/dtQQsg==
  dependencies:
    "@octokit/request" "^5.6.0"
    "@octokit/types" "^6.0.3"
    universal-user-agent "^6.0.0"

"@octokit/oauth-authorization-url@^4.3.1":
  version "4.3.3"
  resolved "https://registry.yarnpkg.com/@octokit/oauth-authorization-url/-/oauth-authorization-url-4.3.3.tgz#6a6ef38f243086fec882b62744f39b517528dfb9"
  integrity sha512-lhP/t0i8EwTmayHG4dqLXgU+uPVys4WD/qUNvC+HfB1S1dyqULm5Yx9uKc1x79aP66U1Cb4OZeW8QU/RA9A4XA==

"@octokit/oauth-authorization-url@^5.0.0":
  version "5.0.0"
  resolved "https://registry.yarnpkg.com/@octokit/oauth-authorization-url/-/oauth-authorization-url-5.0.0.tgz#029626ce87f3b31addb98cd0d2355c2381a1c5a1"
  integrity sha512-y1WhN+ERDZTh0qZ4SR+zotgsQUE1ysKnvBt1hvDRB2WRzYtVKQjn97HEPzoehh66Fj9LwNdlZh+p6TJatT0zzg==

"@octokit/oauth-methods@^1.1.0":
  version "1.2.6"
  resolved "https://registry.yarnpkg.com/@octokit/oauth-methods/-/oauth-methods-1.2.6.tgz#b9ac65e374b2cc55ee9dd8dcdd16558550438ea7"
  integrity sha512-nImHQoOtKnSNn05uk2o76om1tJWiAo4lOu2xMAHYsNr0fwopP+Dv+2MlGvaMMlFjoqVd3fF3X5ZDTKCsqgmUaQ==
  dependencies:
    "@octokit/oauth-authorization-url" "^4.3.1"
    "@octokit/request" "^5.4.14"
    "@octokit/request-error" "^2.0.5"
    "@octokit/types" "^6.12.2"
    btoa-lite "^1.0.0"

"@octokit/oauth-methods@^2.0.0":
  version "2.0.6"
  resolved "https://registry.yarnpkg.com/@octokit/oauth-methods/-/oauth-methods-2.0.6.tgz#3a089781e90171cbe8a0efa448a6a60229bdd3fb"
  integrity sha512-l9Uml2iGN2aTWLZcm8hV+neBiFXAQ9+3sKiQe/sgumHlL6HDg0AQ8/l16xX/5jJvfxueqTW5CWbzd0MjnlfHZw==
  dependencies:
    "@octokit/oauth-authorization-url" "^5.0.0"
    "@octokit/request" "^6.2.3"
    "@octokit/request-error" "^3.0.3"
    "@octokit/types" "^9.0.0"
    btoa-lite "^1.0.0"

"@octokit/openapi-types@^12.11.0":
  version "12.11.0"
  resolved "https://registry.yarnpkg.com/@octokit/openapi-types/-/openapi-types-12.11.0.tgz#da5638d64f2b919bca89ce6602d059f1b52d3ef0"
  integrity sha512-VsXyi8peyRq9PqIz/tpqiL2w3w80OgVMwBHltTml3LmVvXiphgeqmY9mvBw9Wu7e0QWk/fqD37ux8yP5uVekyQ==

"@octokit/openapi-types@^18.0.0":
  version "18.0.0"
  resolved "https://registry.yarnpkg.com/@octokit/openapi-types/-/openapi-types-18.0.0.tgz#f43d765b3c7533fd6fb88f3f25df079c24fccf69"
  integrity sha512-V8GImKs3TeQRxRtXFpG2wl19V7444NIOTDF24AWuIbmNaNYOQMWRbjcGDXV5B+0n887fgDcuMNOmlul+k+oJtw==

"@octokit/plugin-paginate-rest@^2.16.8":
  version "2.21.3"
  resolved "https://registry.yarnpkg.com/@octokit/plugin-paginate-rest/-/plugin-paginate-rest-2.21.3.tgz#7f12532797775640dbb8224da577da7dc210c87e"
  integrity sha512-aCZTEf0y2h3OLbrgKkrfFdjRL6eSOo8komneVQJnYecAxIej7Bafor2xhuDJOIFau4pk0i/P28/XgtbyPF0ZHw==
  dependencies:
    "@octokit/types" "^6.40.0"

"@octokit/plugin-request-log@^1.0.4":
  version "1.0.4"
  resolved "https://registry.yarnpkg.com/@octokit/plugin-request-log/-/plugin-request-log-1.0.4.tgz#5e50ed7083a613816b1e4a28aeec5fb7f1462e85"
  integrity sha512-mLUsMkgP7K/cnFEw07kWqXGF5LKrOkD+lhCrKvPHXWDywAwuDUeDwWBpc69XK3pNX0uKiVt8g5z96PJ6z9xCFA==

"@octokit/plugin-rest-endpoint-methods@^5.12.0":
  version "5.16.2"
  resolved "https://registry.yarnpkg.com/@octokit/plugin-rest-endpoint-methods/-/plugin-rest-endpoint-methods-5.16.2.tgz#7ee8bf586df97dd6868cf68f641354e908c25342"
  integrity sha512-8QFz29Fg5jDuTPXVtey05BLm7OB+M8fnvE64RNegzX7U+5NUXcOcnpTIK0YfSHBg8gYd0oxIq3IZTe9SfPZiRw==
  dependencies:
    "@octokit/types" "^6.39.0"
    deprecation "^2.3.1"

"@octokit/request-error@^2.0.5", "@octokit/request-error@^2.1.0":
  version "2.1.0"
  resolved "https://registry.yarnpkg.com/@octokit/request-error/-/request-error-2.1.0.tgz#9e150357831bfc788d13a4fd4b1913d60c74d677"
  integrity sha512-1VIvgXxs9WHSjicsRwq8PlR2LR2x6DwsJAaFgzdi0JfJoGSO8mYI/cHJQ+9FbN21aa+DrgNLnwObmyeSC8Rmpg==
  dependencies:
    "@octokit/types" "^6.0.3"
    deprecation "^2.0.0"
    once "^1.4.0"

"@octokit/request-error@^3.0.0", "@octokit/request-error@^3.0.3":
  version "3.0.3"
  resolved "https://registry.yarnpkg.com/@octokit/request-error/-/request-error-3.0.3.tgz#ef3dd08b8e964e53e55d471acfe00baa892b9c69"
  integrity sha512-crqw3V5Iy2uOU5Np+8M/YexTlT8zxCfI+qu+LxUB7SZpje4Qmx3mub5DfEKSO8Ylyk0aogi6TYdf6kxzh2BguQ==
  dependencies:
    "@octokit/types" "^9.0.0"
    deprecation "^2.0.0"
    once "^1.4.0"

"@octokit/request@^5.4.14", "@octokit/request@^5.6.0", "@octokit/request@^5.6.3":
  version "5.6.3"
  resolved "https://registry.yarnpkg.com/@octokit/request/-/request-5.6.3.tgz#19a022515a5bba965ac06c9d1334514eb50c48b0"
  integrity sha512-bFJl0I1KVc9jYTe9tdGGpAMPy32dLBXXo1dS/YwSCTL/2nd9XeHsY616RE3HPXDVk+a+dBuzyz5YdlXwcDTr2A==
  dependencies:
    "@octokit/endpoint" "^6.0.1"
    "@octokit/request-error" "^2.1.0"
    "@octokit/types" "^6.16.1"
    is-plain-object "^5.0.0"
    node-fetch "^2.6.7"
    universal-user-agent "^6.0.0"

"@octokit/request@^6.0.0", "@octokit/request@^6.2.3":
  version "6.2.8"
  resolved "https://registry.yarnpkg.com/@octokit/request/-/request-6.2.8.tgz#aaf480b32ab2b210e9dadd8271d187c93171d8eb"
  integrity sha512-ow4+pkVQ+6XVVsekSYBzJC0VTVvh/FCTUUgTsboGq+DTeWdyIFV8WSCdo0RIxk6wSkBTHqIK1mYuY7nOBXOchw==
  dependencies:
    "@octokit/endpoint" "^7.0.0"
    "@octokit/request-error" "^3.0.0"
    "@octokit/types" "^9.0.0"
    is-plain-object "^5.0.0"
    node-fetch "^2.6.7"
    universal-user-agent "^6.0.0"

"@octokit/rest@18.12.0":
  version "18.12.0"
  resolved "https://registry.yarnpkg.com/@octokit/rest/-/rest-18.12.0.tgz#f06bc4952fc87130308d810ca9d00e79f6988881"
  integrity sha512-gDPiOHlyGavxr72y0guQEhLsemgVjwRePayJ+FcKc2SJqKUbxbkvf5kAZEWA/MKvsfYlQAMVzNJE3ezQcxMJ2Q==
  dependencies:
    "@octokit/core" "^3.5.1"
    "@octokit/plugin-paginate-rest" "^2.16.8"
    "@octokit/plugin-request-log" "^1.0.4"
    "@octokit/plugin-rest-endpoint-methods" "^5.12.0"

"@octokit/types@^6.0.3", "@octokit/types@^6.10.0", "@octokit/types@^6.12.2", "@octokit/types@^6.16.1", "@octokit/types@^6.39.0", "@octokit/types@^6.40.0":
  version "6.41.0"
  resolved "https://registry.yarnpkg.com/@octokit/types/-/types-6.41.0.tgz#e58ef78d78596d2fb7df9c6259802464b5f84a04"
  integrity sha512-eJ2jbzjdijiL3B4PrSQaSjuF2sPEQPVCPzBvTHJD9Nz+9dw2SGH4K4xeQJ77YfTq5bRQ+bD8wT11JbeDPmxmGg==
  dependencies:
    "@octokit/openapi-types" "^12.11.0"

"@octokit/types@^9.0.0":
  version "9.3.2"
  resolved "https://registry.yarnpkg.com/@octokit/types/-/types-9.3.2.tgz#3f5f89903b69f6a2d196d78ec35f888c0013cac5"
  integrity sha512-D4iHGTdAnEEVsB8fl95m1hiz7D5YiRdQ9b/OEb3BYRVwbLsGHcRVPz+u+BgRLNk0Q0/4iZCBqDN96j2XNxfXrA==
  dependencies:
    "@octokit/openapi-types" "^18.0.0"

"@types/btoa-lite@^1.0.0":
  version "1.0.0"
  resolved "https://registry.yarnpkg.com/@types/btoa-lite/-/btoa-lite-1.0.0.tgz#e190a5a548e0b348adb0df9ac7fa5f1151c7cca4"
  integrity sha512-wJsiX1tosQ+J5+bY5LrSahHxr2wT+uME5UDwdN1kg4frt40euqA+wzECkmq4t5QbveHiJepfdThgQrPw6KiSlg==

"@types/fs-extra@^11.0.1":
  version "11.0.1"
  resolved "https://registry.yarnpkg.com/@types/fs-extra/-/fs-extra-11.0.1.tgz#f542ec47810532a8a252127e6e105f487e0a6ea5"
  integrity sha512-MxObHvNl4A69ofaTRU8DFqvgzzv8s9yRtaPPm5gud9HDNvpB3GPQFvNuTWAI59B9huVGV5jXYJwbCsmBsOGYWA==
  dependencies:
    "@types/jsonfile" "*"
    "@types/node" "*"

"@types/jsonfile@*":
  version "6.1.1"
  resolved "https://registry.yarnpkg.com/@types/jsonfile/-/jsonfile-6.1.1.tgz#ac84e9aefa74a2425a0fb3012bdea44f58970f1b"
  integrity sha512-GSgiRCVeapDN+3pqA35IkQwasaCh/0YFH5dEF6S88iDvEn901DjOeH3/QPY+XYP1DFzDZPvIvfeEgk+7br5png==
  dependencies:
    "@types/node" "*"

"@types/jsonwebtoken@^9.0.0":
  version "9.0.2"
  resolved "https://registry.yarnpkg.com/@types/jsonwebtoken/-/jsonwebtoken-9.0.2.tgz#9eeb56c76dd555039be2a3972218de5bd3b8d83e"
  integrity sha512-drE6uz7QBKq1fYqqoFKTDRdFCPHd5TCub75BM+D+cMx7NU9hUz7SESLfC2fSCXVFMO5Yj8sOWHuGqPgjc+fz0Q==
  dependencies:
    "@types/node" "*"

"@types/lru-cache@^5.1.0":
  version "5.1.1"
  resolved "https://registry.yarnpkg.com/@types/lru-cache/-/lru-cache-5.1.1.tgz#c48c2e27b65d2a153b19bfc1a317e30872e01eef"
  integrity sha512-ssE3Vlrys7sdIzs5LOxCzTVMsU7i9oa/IaW92wF32JFb3CVczqOkru2xspuKczHEbG3nvmPY7IFqVmGGHdNbYw==

"@types/minimist@^1.2.2":
  version "1.2.2"
  resolved "https://registry.yarnpkg.com/@types/minimist/-/minimist-1.2.2.tgz#ee771e2ba4b3dc5b372935d549fd9617bf345b8c"
  integrity sha512-jhuKLIRrhvCPLqwPcx6INqmKeiA5EWrsCOPhrlFSrbrmU4ZMPjj5Ul/oLCMDO98XRUIwVm78xICz4EPCektzeQ==

"@types/node@*":
  version "20.5.7"
  resolved "https://registry.yarnpkg.com/@types/node/-/node-20.5.7.tgz#4b8ecac87fbefbc92f431d09c30e176fc0a7c377"
  integrity sha512-dP7f3LdZIysZnmvP3ANJYTSwg+wLLl8p7RqniVlV7j+oXSXAbt9h0WIBFmJy5inWZoX9wZN6eXx+YXd9Rh3RBA==

"@types/node@^18.16.3":
  version "18.17.12"
  resolved "https://registry.yarnpkg.com/@types/node/-/node-18.17.12.tgz#c6bd7413a13e6ad9cfb7e97dd5c4e904c1821e50"
  integrity sha512-d6xjC9fJ/nSnfDeU0AMDsaJyb1iHsqCSOdi84w4u+SlN/UgQdY5tRhpMzaFYsI4mnpvgTivEaQd0yOUhAtOnEQ==

"@types/ps-tree@^1.1.2":
  version "1.1.2"
  resolved "https://registry.yarnpkg.com/@types/ps-tree/-/ps-tree-1.1.2.tgz#5c60773a38ffb1402e049902a7b7a8d3c67cd59a"
  integrity sha512-ZREFYlpUmPQJ0esjxoG1fMvB2HNaD3z+mjqdSosZvd3RalncI9NEur73P8ZJz4YQdL64CmV1w0RuqoRUlhQRBw==

"@types/which@^3.0.0":
  version "3.0.0"
  resolved "https://registry.yarnpkg.com/@types/which/-/which-3.0.0.tgz#849afdd9fdcb0b67339b9cfc80fa6ea4e0253fc5"
  integrity sha512-ASCxdbsrwNfSMXALlC3Decif9rwDMu+80KGp5zI2RLRotfMsTv7fHL8W8VDp24wymzDyIFudhUeSCugrgRFfHQ==

ansi-regex@^5.0.1:
  version "5.0.1"
  resolved "https://registry.yarnpkg.com/ansi-regex/-/ansi-regex-5.0.1.tgz#082cb2c89c9fe8659a311a53bd6a4dc5301db304"
  integrity sha512-quJQXlTSUGL2LH9SUXo8VwsY4soanhgo6LNSm84E1LBcE8s3O0wpdiRzyR9z/ZZJMlMWv37qOOb9pdJlMUEKFQ==

ansi-styles@^4.1.0:
  version "4.3.0"
  resolved "https://registry.yarnpkg.com/ansi-styles/-/ansi-styles-4.3.0.tgz#edd803628ae71c04c85ae7a0906edad34b648937"
  integrity sha512-zbB9rCJAT1rbjiVDb2hqKFHNYLxgtk8NURxZ3IZwD3F6NtxbXZQCnnSi1Lkx+IDohdPlFp222wVALIheZJQSEg==
  dependencies:
    color-convert "^2.0.1"

asn1@^0.2.4:
  version "0.2.6"
  resolved "https://registry.yarnpkg.com/asn1/-/asn1-0.2.6.tgz#0d3a7bb6e64e02a90c0303b31f292868ea09a08d"
  integrity sha512-ix/FxPn0MDjeyJ7i/yoHGFt/EX6LyNbxSEhPPXODPL+KB0VPk86UYfL0lMdy+KCnv+fmvIzySwaK5COwqVbWTQ==
  dependencies:
    safer-buffer "~2.1.0"

base64-js@^1.3.1:
  version "1.5.1"
  resolved "https://registry.yarnpkg.com/base64-js/-/base64-js-1.5.1.tgz#1b1b440160a5bf7ad40b650f095963481903930a"
  integrity sha512-AKpaYlHn8t4SVbOHCy+b5+KKgvR4vrsD8vbvrbiQJps7fKDTkjkDry6ji0rUJjC0kzbNePLwzxq8iypo41qeWA==

before-after-hook@^2.2.0:
  version "2.2.3"
  resolved "https://registry.yarnpkg.com/before-after-hook/-/before-after-hook-2.2.3.tgz#c51e809c81a4e354084422b9b26bad88249c517c"
  integrity sha512-NzUnlZexiaH/46WDhANlyR2bXRopNg4F/zuSA3OpZnllCUgRaOF2znDioDWrmbNVsuZk6l9pMquQB38cfBZwkQ==

bl@^4.1.0:
  version "4.1.0"
  resolved "https://registry.yarnpkg.com/bl/-/bl-4.1.0.tgz#451535264182bec2fbbc83a62ab98cf11d9f7b3a"
  integrity sha512-1W07cM9gS6DcLperZfFSj+bWLtaPGSOHWhPiGzXmvVJbRLdG82sH/Kn8EtW1VqWVA54AKf2h5k5BbnIbwF3h6w==
  dependencies:
    buffer "^5.5.0"
    inherits "^2.0.4"
    readable-stream "^3.4.0"

braces@^3.0.2:
  version "3.0.2"
  resolved "https://registry.yarnpkg.com/braces/-/braces-3.0.2.tgz#3454e1a462ee8d599e236df336cd9ea4f8afe107"
  integrity sha512-b8um+L1RzM3WDSzvhm6gIz1yfTbBt6YTlcEKAvsmqCZZFw46z626lVj9j1yEPW33H5H+lBQpZMP1k8l+78Ha0A==
  dependencies:
    fill-range "^7.0.1"

btoa-lite@^1.0.0:
  version "1.0.0"
  resolved "https://registry.yarnpkg.com/btoa-lite/-/btoa-lite-1.0.0.tgz#337766da15801210fdd956c22e9c6891ab9d0337"
  integrity sha512-gvW7InbIyF8AicrqWoptdW08pUxuhq8BEgowNajy9RhiE86fmGAGl+bLKo6oB8QP0CkqHLowfN0oJdKC/J6LbA==

buffer-equal-constant-time@1.0.1:
  version "1.0.1"
  resolved "https://registry.yarnpkg.com/buffer-equal-constant-time/-/buffer-equal-constant-time-1.0.1.tgz#f8e71132f7ffe6e01a5c9697a4c6f3e48d5cc819"
  integrity sha512-zRpUiDwd/xk6ADqPMATG8vc9VPrkck7T07OIx0gnjmJAnHnTVXNQG3vfvWNuiZIkwu9KrKdA1iJKfsfTVxE6NA==

buffer@^5.5.0:
  version "5.7.1"
  resolved "https://registry.yarnpkg.com/buffer/-/buffer-5.7.1.tgz#ba62e7c13133053582197160851a8f648e99eed0"
  integrity sha512-EHcyIPBQ4BSGlvjB16k5KgAJ27CIsHY/2JBmCRReo48y9rQ3MaUzWX3KVlBa4U7MyX02HdVj0K7C3WaB3ju7FQ==
  dependencies:
    base64-js "^1.3.1"
    ieee754 "^1.1.13"

chalk@^4.1.0:
  version "4.1.2"
  resolved "https://registry.yarnpkg.com/chalk/-/chalk-4.1.2.tgz#aac4e2b7734a740867aeb16bf02aad556a1e7a01"
  integrity sha512-oKnbhFyRIXpUuez8iBMmyEa4nbj4IOQyuhc/wy9kY7/WVPcwIO9VA668Pu8RkO7+0G76SLROeyw9CpQ061i4mA==
  dependencies:
    ansi-styles "^4.1.0"
    supports-color "^7.1.0"

chalk@^5.2.0:
  version "5.3.0"
  resolved "https://registry.yarnpkg.com/chalk/-/chalk-5.3.0.tgz#67c20a7ebef70e7f3970a01f90fa210cb6860385"
  integrity sha512-dLitG79d+GV1Nb/VYcCDFivJeK1hiukt9QjRNVOsUtTy1rR1YJsmpGGTZ3qJos+uw7WmWF4wUwBd9jxjocFC2w==

cli-cursor@^3.1.0:
  version "3.1.0"
  resolved "https://registry.yarnpkg.com/cli-cursor/-/cli-cursor-3.1.0.tgz#264305a7ae490d1d03bf0c9ba7c925d1753af307"
  integrity sha512-I/zHAwsKf9FqGoXM4WWRACob9+SNukZTd94DWF57E4toouRulbCxcUh6RKUEOQlYTHJnzkPMySvPNaaSLNfLZw==
  dependencies:
    restore-cursor "^3.1.0"

cli-spinners@^2.5.0:
  version "2.9.0"
  resolved "https://registry.yarnpkg.com/cli-spinners/-/cli-spinners-2.9.0.tgz#5881d0ad96381e117bbe07ad91f2008fe6ffd8db"
  integrity sha512-4/aL9X3Wh0yiMQlE+eeRhWP6vclO3QRtw1JHKIT0FFUs5FjpFmESqtMvYZ0+lbzBw900b95mS0hohy+qn2VK/g==

clone@^1.0.2:
  version "1.0.4"
  resolved "https://registry.yarnpkg.com/clone/-/clone-1.0.4.tgz#da309cc263df15994c688ca902179ca3c7cd7c7e"
  integrity sha512-JQHZ2QMW6l3aH/j6xCqQThY/9OH4D/9ls34cgkUBiEeocRTU04tHfKPBsUK1PqZCUQM7GiA0IIXJSuXHI64Kbg==

color-convert@^2.0.1:
  version "2.0.1"
  resolved "https://registry.yarnpkg.com/color-convert/-/color-convert-2.0.1.tgz#72d3a68d598c9bdb3af2ad1e84f21d896abd4de3"
  integrity sha512-RRECPsj7iu/xb5oKYcsFHSppFNnsj/52OVTRKb4zP5onXwVF3zVmmToNcOfGC+CRDpfK/U584fMg38ZHCaElKQ==
  dependencies:
    color-name "~1.1.4"

color-name@~1.1.4:
  version "1.1.4"
  resolved "https://registry.yarnpkg.com/color-name/-/color-name-1.1.4.tgz#c2a09a87acbde69543de6f63fa3995c826c536a2"
  integrity sha512-dOy+3AuW3a2wNbZHIuMZpTcgjGuLU/uBL/ubcZF9OXbDo8ff4O8yVp5Bf0efS8uEoYo5q4Fx7dY9OgQGXgAsQA==

commander@6.2.1:
  version "6.2.1"
  resolved "https://registry.yarnpkg.com/commander/-/commander-6.2.1.tgz#0792eb682dfbc325999bb2b84fddddba110ac73c"
  integrity sha512-U7VdrJFnJgo4xjrHpTzu0yrHPGImdsmD95ZlgYSEajAn2JKzDhDTPG9kBTefmObL2w/ngeZnilk+OV9CG3d7UA==

data-uri-to-buffer@^4.0.0:
  version "4.0.1"
  resolved "https://registry.yarnpkg.com/data-uri-to-buffer/-/data-uri-to-buffer-4.0.1.tgz#d8feb2b2881e6a4f58c2e08acfd0e2834e26222e"
  integrity sha512-0R9ikRb668HB7QDxT1vkpuUBtqc53YyAwMwGeUFKRojY/NWKvdZ+9UYtRfGmhqNbRkTSVpMbmyhXipFFv2cb/A==

debug@4.3.3:
  version "4.3.3"
  resolved "https://registry.yarnpkg.com/debug/-/debug-4.3.3.tgz#04266e0b70a98d4462e6e288e38259213332b664"
  integrity sha512-/zxw5+vh1Tfv+4Qn7a5nsbcJKPaSvCDhojn6FEl9vupwK2VCSDtEiEtqr8DFtzYFOdz63LBkxec7DYuc2jon6Q==
  dependencies:
    ms "2.1.2"

defaults@^1.0.3:
  version "1.0.4"
  resolved "https://registry.yarnpkg.com/defaults/-/defaults-1.0.4.tgz#b0b02062c1e2aa62ff5d9528f0f98baa90978d7a"
  integrity sha512-eFuaLoy/Rxalv2kr+lqMlUnrDWV+3j4pljOIJgLIhI058IQfWJ7vXhyEIHu+HtC738klGALYxOKDO0bQP3tg8A==
  dependencies:
    clone "^1.0.2"

deprecation@^2.0.0, deprecation@^2.3.1:
  version "2.3.1"
  resolved "https://registry.yarnpkg.com/deprecation/-/deprecation-2.3.1.tgz#6368cbdb40abf3373b525ac87e4a260c3a700919"
  integrity sha512-xmHIy4F3scKVwMsQ4WnVaS8bHOx0DmVwRywosKhaILI0ywMDWPtBSku2HNxRvF7jtwDRsoEwYQSfbxj8b7RlJQ==

dir-glob@^3.0.1:
  version "3.0.1"
  resolved "https://registry.yarnpkg.com/dir-glob/-/dir-glob-3.0.1.tgz#56dbf73d992a4a93ba1584f4534063fd2e41717f"
  integrity sha512-WkrWp9GR4KXfKGYzOLmTuGVi1UWFfws377n9cc55/tb6DuqyF6pcQ5AbiHEshaDpY9v6oaSr2XCDidGmMwdzIA==
  dependencies:
    path-type "^4.0.0"

duplexer@~0.1.1:
  version "0.1.2"
  resolved "https://registry.yarnpkg.com/duplexer/-/duplexer-0.1.2.tgz#3abe43aef3835f8ae077d136ddce0f276b0400e6"
  integrity sha512-jtD6YG370ZCIi/9GTaJKQxWTZD045+4R4hTk/x1UyoqadyJ9x9CgSi1RlVDQF8U2sxLLSnFkCaMihqljHIWgMg==

ecdsa-sig-formatter@1.0.11:
  version "1.0.11"
  resolved "https://registry.yarnpkg.com/ecdsa-sig-formatter/-/ecdsa-sig-formatter-1.0.11.tgz#ae0f0fa2d85045ef14a817daa3ce9acd0489e5bf"
  integrity sha512-nagl3RYrbNv6kQkeJIpt6NJZy8twLB/2vtz6yN9Z4vRKHN4/QZJIEbqohALSgwKdnksuY3k5Addp5lg8sVoVcQ==
  dependencies:
    safe-buffer "^5.0.1"

event-stream@=3.3.4:
  version "3.3.4"
  resolved "https://registry.yarnpkg.com/event-stream/-/event-stream-3.3.4.tgz#4ab4c9a0f5a54db9338b4c34d86bfce8f4b35571"
  integrity sha512-QHpkERcGsR0T7Qm3HNJSyXKEEj8AHNxkY3PK8TS2KJvQ7NiSHe3DDpwVKKtoYprL/AreyzFBeIkBIWChAqn60g==
  dependencies:
    duplexer "~0.1.1"
    from "~0"
    map-stream "~0.1.0"
    pause-stream "0.0.11"
    split "0.3"
    stream-combiner "~0.0.4"
    through "~2.3.1"

fast-glob@^3.3.0:
  version "3.3.1"
  resolved "https://registry.yarnpkg.com/fast-glob/-/fast-glob-3.3.1.tgz#784b4e897340f3dbbef17413b3f11acf03c874c4"
  integrity sha512-kNFPyjhh5cKjrUltxs+wFx+ZkbRaxxmZ+X0ZU31SOsxCEtP9VPgtq2teZw1DebupL5GmDaNQ6yKMMVcM41iqDg==
  dependencies:
    "@nodelib/fs.stat" "^2.0.2"
    "@nodelib/fs.walk" "^1.2.3"
    glob-parent "^5.1.2"
    merge2 "^1.3.0"
    micromatch "^4.0.4"

fastq@^1.6.0:
  version "1.15.0"
  resolved "https://registry.yarnpkg.com/fastq/-/fastq-1.15.0.tgz#d04d07c6a2a68fe4599fea8d2e103a937fae6b3a"
  integrity sha512-wBrocU2LCXXa+lWBt8RoIRD89Fi8OdABODa/kEnyeyjS5aZO5/GNvI5sEINADqP/h8M29UHTHUb53sUu5Ihqdw==
  dependencies:
    reusify "^1.0.4"

fetch-blob@^3.1.2, fetch-blob@^3.1.4:
  version "3.2.0"
  resolved "https://registry.yarnpkg.com/fetch-blob/-/fetch-blob-3.2.0.tgz#f09b8d4bbd45adc6f0c20b7e787e793e309dcce9"
  integrity sha512-7yAQpD2UMJzLi1Dqv7qFYnPbaPx7ZfFK6PiIxQ4PfkGPyNyl2Ugx+a/umUonmKqjhM4DnfbMvdX6otXq83soQQ==
  dependencies:
    node-domexception "^1.0.0"
    web-streams-polyfill "^3.0.3"

fill-range@^7.0.1:
  version "7.0.1"
  resolved "https://registry.yarnpkg.com/fill-range/-/fill-range-7.0.1.tgz#1919a6a7c75fe38b2c7c77e5198535da9acdda40"
  integrity sha512-qOo9F+dMUmC2Lcb4BbVvnKJxTPjCm+RRpe4gDuGrzkL7mEVl/djYSu2OdQ2Pa302N4oqkSg9ir6jaLWJ2USVpQ==
  dependencies:
    to-regex-range "^5.0.1"

formdata-polyfill@^4.0.10:
  version "4.0.10"
  resolved "https://registry.yarnpkg.com/formdata-polyfill/-/formdata-polyfill-4.0.10.tgz#24807c31c9d402e002ab3d8c720144ceb8848423"
  integrity sha512-buewHzMvYL29jdeQTVILecSaZKnt/RJWjoZCF5OW60Z67/GmSLBkOFM7qh1PI3zFNtJbaZL5eQu1vLfazOwj4g==
  dependencies:
    fetch-blob "^3.1.2"

from@~0:
  version "0.1.7"
  resolved "https://registry.yarnpkg.com/from/-/from-0.1.7.tgz#83c60afc58b9c56997007ed1a768b3ab303a44fe"
  integrity sha512-twe20eF1OxVxp/ML/kq2p1uc6KvFK/+vs8WjEbeKmV2He22MKm7YF2ANIt+EOqhJ5L3K/SuuPhk0hWQDjOM23g==

fs-extra@^11.1.1:
  version "11.1.1"
  resolved "https://registry.yarnpkg.com/fs-extra/-/fs-extra-11.1.1.tgz#da69f7c39f3b002378b0954bb6ae7efdc0876e2d"
  integrity sha512-MGIE4HOvQCeUCzmlHs0vXpih4ysz4wg9qiSAu6cd42lVwPbTM1TjV7RusoyQqMmk/95gdQZX72u+YW+c3eEpFQ==
  dependencies:
    graceful-fs "^4.2.0"
    jsonfile "^6.0.1"
    universalify "^2.0.0"

fx@*:
  version "28.0.0"
  resolved "https://registry.yarnpkg.com/fx/-/fx-28.0.0.tgz#67087b31377039bab42f51db32c8758ccb4708e8"
  integrity sha512-vKQDA9g868cZiW8ulgs2uN1yx1i7/nsS33jTMOxekk0Z03BJLffVcdW6AVD32fWb3E6RtmWWuBXBZOk8cLXFNQ==

github-app-installation-token@^1.2.0:
  version "1.2.0"
  resolved "https://registry.yarnpkg.com/github-app-installation-token/-/github-app-installation-token-1.2.0.tgz#8f9d37e3fe19e936ca9b24193685ef15bf285d23"
  integrity sha512-hU9Ac4r4UogJ7lm2JqDKt+vb4eH/dHHkxZYXMFoN90KKcIO2V6IxsiVQ7L1IRCaQ07dOlBSgFKkpCVXqMRTpMg==
  dependencies:
    "@octokit/auth-app" "3.6.1"
    "@octokit/rest" "18.12.0"
    commander "6.2.1"
    debug "4.3.3"
    node-rsa "1.1.1"
    ora "5.4.1"

glob-parent@^5.1.2:
  version "5.1.2"
  resolved "https://registry.yarnpkg.com/glob-parent/-/glob-parent-5.1.2.tgz#869832c58034fe68a4093c17dc15e8340d8401c4"
  integrity sha512-AOIgSQCepiJYwP3ARnGx+5VnTu2HBYdzbGP45eLw1vr3zB3vZLeyed1sC9hnbcOc9/SrMyM5RPQrkGz4aS9Zow==
  dependencies:
    is-glob "^4.0.1"

globby@^13.1.4:
  version "13.2.2"
  resolved "https://registry.yarnpkg.com/globby/-/globby-13.2.2.tgz#63b90b1bf68619c2135475cbd4e71e66aa090592"
  integrity sha512-Y1zNGV+pzQdh7H39l9zgB4PJqjRNqydvdYCDG4HFXM4XuvSaQQlEc91IU1yALL8gUTDomgBAfz3XJdmUS+oo0w==
  dependencies:
    dir-glob "^3.0.1"
    fast-glob "^3.3.0"
    ignore "^5.2.4"
    merge2 "^1.4.1"
    slash "^4.0.0"

graceful-fs@^4.1.6, graceful-fs@^4.2.0:
  version "4.2.11"
  resolved "https://registry.yarnpkg.com/graceful-fs/-/graceful-fs-4.2.11.tgz#4183e4e8bf08bb6e05bbb2f7d2e0c8f712ca40e3"
  integrity sha512-RbJ5/jmFcNNCcDV5o9eTnBLJ/HszWV0P73bc+Ff4nS/rJj+YaS6IGyiOL0VoBYX+l1Wrl3k63h/KrH+nhJ0XvQ==

has-flag@^4.0.0:
  version "4.0.0"
  resolved "https://registry.yarnpkg.com/has-flag/-/has-flag-4.0.0.tgz#944771fd9c81c81265c4d6941860da06bb59479b"
  integrity sha512-EykJT/Q1KjTWctppgIAgfSO0tKVuZUjhgMr17kqTumMl6Afv3EISleU7qZUzoXDFTAHTDC4NOoG/ZxU3EvlMPQ==

ieee754@^1.1.13:
  version "1.2.1"
  resolved "https://registry.yarnpkg.com/ieee754/-/ieee754-1.2.1.tgz#8eb7a10a63fff25d15a57b001586d177d1b0d352"
  integrity sha512-dcyqhDvX1C46lXZcVqCpK+FtMRQVdIMN6/Df5js2zouUsqG7I6sFxitIC+7KYK29KdXOLHdu9zL4sFnoVQnqaA==

ignore@^5.2.4:
  version "5.2.4"
  resolved "https://registry.yarnpkg.com/ignore/-/ignore-5.2.4.tgz#a291c0c6178ff1b960befe47fcdec301674a6324"
  integrity sha512-MAb38BcSbH0eHNBxn7ql2NH/kX33OkB3lZ1BNdh7ENeRChHTYsTvWrMubiIAMNS2llXEEgZ1MUOBtXChP3kaFQ==

inherits@^2.0.3, inherits@^2.0.4:
  version "2.0.4"
  resolved "https://registry.yarnpkg.com/inherits/-/inherits-2.0.4.tgz#0fa2c64f932917c3433a0ded55363aae37416b7c"
  integrity sha512-k/vGaX4/Yla3WzyMCvTQOXYeIHvqOKtnqBduzTHpzpQZzAskKMhZ2K+EnBiSM9zGSoIFeMpXKxa4dYeZIQqewQ==

is-extglob@^2.1.1:
  version "2.1.1"
  resolved "https://registry.yarnpkg.com/is-extglob/-/is-extglob-2.1.1.tgz#a88c02535791f02ed37c76a1b9ea9773c833f8c2"
  integrity sha512-SbKbANkN603Vi4jEZv49LeVJMn4yGwsbzZworEoyEiutsN3nJYdbO36zfhGJ6QEDpOZIFkDtnq5JRxmvl3jsoQ==

is-glob@^4.0.1:
  version "4.0.3"
  resolved "https://registry.yarnpkg.com/is-glob/-/is-glob-4.0.3.tgz#64f61e42cbbb2eec2071a9dac0b28ba1e65d5084"
  integrity sha512-xelSayHH36ZgE7ZWhli7pW34hNbNl8Ojv5KVmkJD4hBdD3th8Tfk9vYasLM+mXWOZhFkgZfxhLSnrwRr4elSSg==
  dependencies:
    is-extglob "^2.1.1"

is-interactive@^1.0.0:
  version "1.0.0"
  resolved "https://registry.yarnpkg.com/is-interactive/-/is-interactive-1.0.0.tgz#cea6e6ae5c870a7b0a0004070b7b587e0252912e"
  integrity sha512-2HvIEKRoqS62guEC+qBjpvRubdX910WCMuJTZ+I9yvqKU2/12eSL549HMwtabb4oupdj2sMP50k+XJfB/8JE6w==

is-number@^7.0.0:
  version "7.0.0"
  resolved "https://registry.yarnpkg.com/is-number/-/is-number-7.0.0.tgz#7535345b896734d5f80c4d06c50955527a14f12b"
  integrity sha512-41Cifkg6e8TylSpdtTpeLVMqvSBEVzTttHvERD741+pnZ8ANv0004MRL43QKPDlK9cGvNp6NZWZUBlbGXYxxng==

is-plain-object@^5.0.0:
  version "5.0.0"
  resolved "https://registry.yarnpkg.com/is-plain-object/-/is-plain-object-5.0.0.tgz#4427f50ab3429e9025ea7d52e9043a9ef4159344"
  integrity sha512-VRSzKkbMm5jMDoKLbltAkFQ5Qr7VDiTFGXxYFXXowVj387GeGNOCsOH6Msy00SGZ3Fp84b1Naa1psqgcCIEP5Q==

is-unicode-supported@^0.1.0:
  version "0.1.0"
  resolved "https://registry.yarnpkg.com/is-unicode-supported/-/is-unicode-supported-0.1.0.tgz#3f26c76a809593b52bfa2ecb5710ed2779b522a7"
  integrity sha512-knxG2q4UC3u8stRGyAVJCOdxFmv5DZiRcdlIaAQXAbSfJya+OhopNotLQrstBhququ4ZpuKbDc/8S6mgXgPFPw==

isexe@^2.0.0:
  version "2.0.0"
  resolved "https://registry.yarnpkg.com/isexe/-/isexe-2.0.0.tgz#e8fbf374dc556ff8947a10dcb0572d633f2cfa10"
  integrity sha512-RHxMLp9lnKHGHRng9QFhRCMbYAcVpn69smSGcq3f36xjgVVWThj4qqLbTLlq7Ssj8B+fIQ1EuCEGI2lKsyQeIw==

jsonfile@^6.0.1:
  version "6.1.0"
  resolved "https://registry.yarnpkg.com/jsonfile/-/jsonfile-6.1.0.tgz#bc55b2634793c679ec6403094eb13698a6ec0aae"
  integrity sha512-5dgndWOriYSm5cnYaJNhalLNDKOqFwyDB/rr1E9ZsGciGvKPs8R2xYGCacuf3z6K1YKDz182fd+fY3cn3pMqXQ==
  dependencies:
    universalify "^2.0.0"
  optionalDependencies:
    graceful-fs "^4.1.6"

jsonwebtoken@^9.0.0:
  version "9.0.1"
  resolved "https://registry.yarnpkg.com/jsonwebtoken/-/jsonwebtoken-9.0.1.tgz#81d8c901c112c24e497a55daf6b2be1225b40145"
  integrity sha512-K8wx7eJ5TPvEjuiVSkv167EVboBDv9PZdDoF7BgeQnBLVvZWW9clr2PsQHVJDTKaEIH5JBIwHujGcHp7GgI2eg==
  dependencies:
    jws "^3.2.2"
    lodash "^4.17.21"
    ms "^2.1.1"
    semver "^7.3.8"

jwa@^1.4.1:
  version "1.4.1"
  resolved "https://registry.yarnpkg.com/jwa/-/jwa-1.4.1.tgz#743c32985cb9e98655530d53641b66c8645b039a"
  integrity sha512-qiLX/xhEEFKUAJ6FiBMbes3w9ATzyk5W7Hvzpa/SLYdxNtng+gcurvrI7TbACjIXlsJyr05/S1oUhZrc63evQA==
  dependencies:
    buffer-equal-constant-time "1.0.1"
    ecdsa-sig-formatter "1.0.11"
    safe-buffer "^5.0.1"

jws@^3.2.2:
  version "3.2.2"
  resolved "https://registry.yarnpkg.com/jws/-/jws-3.2.2.tgz#001099f3639468c9414000e99995fa52fb478304"
  integrity sha512-YHlZCB6lMTllWDtSPHz/ZXTsi8S00usEV6v1tjq8tOUZzw7DpSDWVXjXDre6ed1w/pd495ODpHZYSdkRTsa0HA==
  dependencies:
    jwa "^1.4.1"
    safe-buffer "^5.0.1"

lodash@^4.17.21:
  version "4.17.21"
  resolved "https://registry.yarnpkg.com/lodash/-/lodash-4.17.21.tgz#679591c564c3bffaae8454cf0b3df370c3d6911c"
  integrity sha512-v2kDEe57lecTulaDIuNTPy3Ry4gLGJ6Z1O3vE1krgXZNrsQ+LFTGHVxVjcXPs17LhbZVGedAJv8XZ1tvj5FvSg==

log-symbols@^4.1.0:
  version "4.1.0"
  resolved "https://registry.yarnpkg.com/log-symbols/-/log-symbols-4.1.0.tgz#3fbdbb95b4683ac9fc785111e792e558d4abd503"
  integrity sha512-8XPvpAA8uyhfteu8pIvQxpJZ7SYYdpUivZpGy6sFsBuKRY/7rQGavedeB8aK+Zkyq6upMFVL/9AW6vOYzfRyLg==
  dependencies:
    chalk "^4.1.0"
    is-unicode-supported "^0.1.0"

lru-cache@^6.0.0:
  version "6.0.0"
  resolved "https://registry.yarnpkg.com/lru-cache/-/lru-cache-6.0.0.tgz#6d6fe6570ebd96aaf90fcad1dafa3b2566db3a94"
  integrity sha512-Jo6dJ04CmSjuznwJSS3pUeWmd/H0ffTlkXXgwZi+eq1UCmqQwCh+eLsYOYCwY991i2Fah4h1BEMCx4qThGbsiA==
  dependencies:
    yallist "^4.0.0"

map-stream@~0.1.0:
  version "0.1.0"
  resolved "https://registry.yarnpkg.com/map-stream/-/map-stream-0.1.0.tgz#e56aa94c4c8055a16404a0674b78f215f7c8e194"
  integrity sha512-CkYQrPYZfWnu/DAmVCpTSX/xHpKZ80eKh2lAkyA6AJTef6bW+6JpbQZN5rofum7da+SyN1bi5ctTm+lTfcCW3g==

merge2@^1.3.0, merge2@^1.4.1:
  version "1.4.1"
  resolved "https://registry.yarnpkg.com/merge2/-/merge2-1.4.1.tgz#4368892f885e907455a6fd7dc55c0c9d404990ae"
  integrity sha512-8q7VEgMJW4J8tcfVPy8g09NcQwZdbwFEqhe/WZkoIzjn/3TGDwtOCYtXGxA3O8tPzpczCCDgv+P2P5y00ZJOOg==

micromatch@^4.0.4:
  version "4.0.5"
  resolved "https://registry.yarnpkg.com/micromatch/-/micromatch-4.0.5.tgz#bc8999a7cbbf77cdc89f132f6e467051b49090c6"
  integrity sha512-DMy+ERcEW2q8Z2Po+WNXuw3c5YaUSFjAO5GsJqfEl7UjvtIuFKO6ZrKvcItdy98dwFI2N1tg3zNIdKaQT+aNdA==
  dependencies:
    braces "^3.0.2"
    picomatch "^2.3.1"

mimic-fn@^2.1.0:
  version "2.1.0"
  resolved "https://registry.yarnpkg.com/mimic-fn/-/mimic-fn-2.1.0.tgz#7ed2c2ccccaf84d3ffcb7a69b57711fc2083401b"
  integrity sha512-OqbOk5oEQeAZ8WXWydlu9HJjz9WVdEIvamMCcXmuqUYjTknH/sqsWvhQ3vgwKFRR1HpjvNBKQ37nbJgYzGqGcg==

minimist@^1.2.8:
  version "1.2.8"
  resolved "https://registry.yarnpkg.com/minimist/-/minimist-1.2.8.tgz#c1a464e7693302e082a075cee0c057741ac4772c"
  integrity sha512-2yyAR8qBkN3YuheJanUpWC5U3bb5osDywNB8RzDVlDwDHbocAJveqqj1u8+SVD7jkWT4yvsHCpWqqWqAxb0zCA==

ms@2.1.2:
  version "2.1.2"
  resolved "https://registry.yarnpkg.com/ms/-/ms-2.1.2.tgz#d09d1f357b443f493382a8eb3ccd183872ae6009"
  integrity sha512-sGkPx+VjMtmA6MX27oA4FBFELFCZZ4S4XqeGOXCv68tT+jb3vk/RyaKWP0PTKyWtmLSM0b+adUTEvbs1PEaH2w==

ms@^2.1.1:
  version "2.1.3"
  resolved "https://registry.yarnpkg.com/ms/-/ms-2.1.3.tgz#574c8138ce1d2b5861f0b44579dbadd60c6615b2"
  integrity sha512-6FlzubTLZG3J2a/NVCAleEhjzq5oxgHyaCU9yYXvcLsvoVaHJq/s5xXI6/XXP6tz7R9xAOtHnSO/tXtF3WRTlA==

node-domexception@^1.0.0:
  version "1.0.0"
  resolved "https://registry.yarnpkg.com/node-domexception/-/node-domexception-1.0.0.tgz#6888db46a1f71c0b76b3f7555016b63fe64766e5"
  integrity sha512-/jKZoMpw0F8GRwl4/eLROPA3cfcXtLApP0QzLmUT/HuPCZWyB7IY9ZrMeKw2O/nFIqPQB3PVM9aYm0F312AXDQ==

node-fetch@3.3.1:
  version "3.3.1"
  resolved "https://registry.yarnpkg.com/node-fetch/-/node-fetch-3.3.1.tgz#b3eea7b54b3a48020e46f4f88b9c5a7430d20b2e"
  integrity sha512-cRVc/kyto/7E5shrWca1Wsea4y6tL9iYJE5FBCius3JQfb/4P4I295PfhgbJQBLTx6lATE4z+wK0rPM4VS2uow==
  dependencies:
    data-uri-to-buffer "^4.0.0"
    fetch-blob "^3.1.4"
    formdata-polyfill "^4.0.10"

node-fetch@^2.6.7:
  version "2.7.0"
  resolved "https://registry.yarnpkg.com/node-fetch/-/node-fetch-2.7.0.tgz#d0f0fa6e3e2dc1d27efcd8ad99d550bda94d187d"
  integrity sha512-c4FRfUm/dbcWZ7U+1Wq0AwCyFL+3nt2bEw05wfxSz+DWpWsitgmSgYmy2dQdWyKC1694ELPqMs/YzUSNozLt8A==
  dependencies:
    whatwg-url "^5.0.0"

node-rsa@1.1.1:
  version "1.1.1"
  resolved "https://registry.yarnpkg.com/node-rsa/-/node-rsa-1.1.1.tgz#efd9ad382097782f506153398496f79e4464434d"
  integrity sha512-Jd4cvbJMryN21r5HgxQOpMEqv+ooke/korixNNK3mGqfGJmy0M77WDDzo/05969+OkMy3XW1UuZsSmW9KQm7Fw==
  dependencies:
    asn1 "^0.2.4"

once@^1.4.0:
  version "1.4.0"
  resolved "https://registry.yarnpkg.com/once/-/once-1.4.0.tgz#583b1aa775961d4b113ac17d9c50baef9dd76bd1"
  integrity sha512-lNaJgI+2Q5URQBkccEKHTQOPaXdUxnZZElQTZY0MFUAuaEqe1E+Nyvgdz/aIyNi6Z9MzO5dv1H8n58/GELp3+w==
  dependencies:
    wrappy "1"

onetime@^5.1.0:
  version "5.1.2"
  resolved "https://registry.yarnpkg.com/onetime/-/onetime-5.1.2.tgz#d0e96ebb56b07476df1dd9c4806e5237985ca45e"
  integrity sha512-kbpaSSGJTWdAY5KPVeMOKXSrPtr8C8C7wodJbcsd51jRnmD+GZu8Y0VoU6Dm5Z4vWr0Ig/1NKuWRKf7j5aaYSg==
  dependencies:
    mimic-fn "^2.1.0"

ora@5.4.1:
  version "5.4.1"
  resolved "https://registry.yarnpkg.com/ora/-/ora-5.4.1.tgz#1b2678426af4ac4a509008e5e4ac9e9959db9e18"
  integrity sha512-5b6Y85tPxZZ7QytO+BQzysW31HJku27cRIlkbAXaNx+BdcVi+LlRFmVXzeF6a7JCwJpyw5c4b+YSVImQIrBpuQ==
  dependencies:
    bl "^4.1.0"
    chalk "^4.1.0"
    cli-cursor "^3.1.0"
    cli-spinners "^2.5.0"
    is-interactive "^1.0.0"
    is-unicode-supported "^0.1.0"
    log-symbols "^4.1.0"
    strip-ansi "^6.0.0"
    wcwidth "^1.0.1"

path-type@^4.0.0:
  version "4.0.0"
  resolved "https://registry.yarnpkg.com/path-type/-/path-type-4.0.0.tgz#84ed01c0a7ba380afe09d90a8c180dcd9d03043b"
  integrity sha512-gDKb8aZMDeD/tZWs9P6+q0J9Mwkdl6xMV8TjnGP3qJVJ06bdMgkbBlLU8IdfOsIsFz2BW1rNVT3XuNEl8zPAvw==

pause-stream@0.0.11:
  version "0.0.11"
  resolved "https://registry.yarnpkg.com/pause-stream/-/pause-stream-0.0.11.tgz#fe5a34b0cbce12b5aa6a2b403ee2e73b602f1445"
  integrity sha512-e3FBlXLmN/D1S+zHzanP4E/4Z60oFAa3O051qt1pxa7DEJWKAyil6upYVXCWadEnuoqa4Pkc9oUx9zsxYeRv8A==
  dependencies:
    through "~2.3"

picomatch@^2.3.1:
  version "2.3.1"
  resolved "https://registry.yarnpkg.com/picomatch/-/picomatch-2.3.1.tgz#3ba3833733646d9d3e4995946c1365a67fb07a42"
  integrity sha512-JU3teHTNjmE2VCGFzuY8EXzCDVwEqB2a8fsIvwaStHhAWJEeVd1o1QD80CU6+ZdEXXSLbSsuLwJjkCBWqRQUVA==

ps-tree@^1.2.0:
  version "1.2.0"
  resolved "https://registry.yarnpkg.com/ps-tree/-/ps-tree-1.2.0.tgz#5e7425b89508736cdd4f2224d028f7bb3f722ebd"
  integrity sha512-0VnamPPYHl4uaU/nSFeZZpR21QAWRz+sRv4iW9+v/GS/J5U5iZB5BNN6J0RMoOvdx2gWM2+ZFMIm58q24e4UYA==
  dependencies:
    event-stream "=3.3.4"

queue-microtask@^1.2.2:
  version "1.2.3"
  resolved "https://registry.yarnpkg.com/queue-microtask/-/queue-microtask-1.2.3.tgz#4929228bbc724dfac43e0efb058caf7b6cfb6243"
  integrity sha512-NuaNSa6flKT5JaSYQzJok04JzTL1CA6aGhv5rfLW3PgqA+M2ChpZQnAC8h8i4ZFkBS8X5RqkDBHA7r4hej3K9A==

readable-stream@^3.4.0:
  version "3.6.2"
  resolved "https://registry.yarnpkg.com/readable-stream/-/readable-stream-3.6.2.tgz#56a9b36ea965c00c5a93ef31eb111a0f11056967"
  integrity sha512-9u/sniCrY3D5WdsERHzHE4G2YCXqoG5FTHUiCC4SIbr6XcLZBY05ya9EKjYek9O5xOAwjGq+1JdGBAS7Q9ScoA==
  dependencies:
    inherits "^2.0.3"
    string_decoder "^1.1.1"
    util-deprecate "^1.0.1"

restore-cursor@^3.1.0:
  version "3.1.0"
  resolved "https://registry.yarnpkg.com/restore-cursor/-/restore-cursor-3.1.0.tgz#39f67c54b3a7a58cea5236d95cf0034239631f7e"
  integrity sha512-l+sSefzHpj5qimhFSE5a8nufZYAM3sBSVMAPtYkmC+4EH2anSGaEMXSD0izRQbu9nfyQ9y5JrVmp7E8oZrUjvA==
  dependencies:
    onetime "^5.1.0"
    signal-exit "^3.0.2"

reusify@^1.0.4:
  version "1.0.4"
  resolved "https://registry.yarnpkg.com/reusify/-/reusify-1.0.4.tgz#90da382b1e126efc02146e90845a88db12925d76"
  integrity sha512-U9nH88a3fc/ekCF1l0/UP1IosiuIjyTh7hBvXVMHYgVcfGvt897Xguj2UOLDeI5BG2m7/uwyaLVT6fbtCwTyzw==

run-parallel@^1.1.9:
  version "1.2.0"
  resolved "https://registry.yarnpkg.com/run-parallel/-/run-parallel-1.2.0.tgz#66d1368da7bdf921eb9d95bd1a9229e7f21a43ee"
  integrity sha512-5l4VyZR86LZ/lDxZTR6jqL8AFE2S0IFLMP26AbjsLVADxHdhB/c0GUsH+y39UfCi3dzz8OlQuPmnaJOMoDHQBA==
  dependencies:
    queue-microtask "^1.2.2"

safe-buffer@^5.0.1, safe-buffer@~5.2.0:
  version "5.2.1"
  resolved "https://registry.yarnpkg.com/safe-buffer/-/safe-buffer-5.2.1.tgz#1eaf9fa9bdb1fdd4ec75f58f9cdb4e6b7827eec6"
  integrity sha512-rp3So07KcdmmKbGvgaNxQSJr7bGVSVk5S9Eq1F+ppbRo70+YeaDxkw5Dd8NPN+GD6bjnYm2VuPuCXmpuYvmCXQ==

safer-buffer@~2.1.0:
  version "2.1.2"
  resolved "https://registry.yarnpkg.com/safer-buffer/-/safer-buffer-2.1.2.tgz#44fa161b0187b9549dd84bb91802f9bd8385cd6a"
  integrity sha512-YZo3K82SD7Riyi0E1EQPojLz7kpepnSQI9IyPbHHg1XXXevb5dJI7tpyN2ADxGcQbHG7vcyRHk0cbwqcQriUtg==

semver@^7.3.8:
  version "7.5.4"
  resolved "https://registry.yarnpkg.com/semver/-/semver-7.5.4.tgz#483986ec4ed38e1c6c48c34894a9182dbff68a6e"
  integrity sha512-1bCSESV6Pv+i21Hvpxp3Dx+pSD8lIPt8uVjRrxAUt/nbswYc+tK6Y2btiULjd4+fnq15PX+nqQDC7Oft7WkwcA==
  dependencies:
    lru-cache "^6.0.0"

signal-exit@^3.0.2:
  version "3.0.7"
  resolved "https://registry.yarnpkg.com/signal-exit/-/signal-exit-3.0.7.tgz#a9a1767f8af84155114eaabd73f99273c8f59ad9"
  integrity sha512-wnD2ZE+l+SPC/uoS0vXeE9L1+0wuaMqKlfz9AMUo38JsyLSBWSFcHR1Rri62LZc12vLr1gb3jl7iwQhgwpAbGQ==

slash@^4.0.0:
  version "4.0.0"
  resolved "https://registry.yarnpkg.com/slash/-/slash-4.0.0.tgz#2422372176c4c6c5addb5e2ada885af984b396a7"
  integrity sha512-3dOsAHXXUkQTpOYcoAxLIorMTp4gIQr5IW3iVb7A7lFIp0VHhnynm9izx6TssdrIcVIESAlVjtnO2K8bg+Coew==

split@0.3:
  version "0.3.3"
  resolved "https://registry.yarnpkg.com/split/-/split-0.3.3.tgz#cd0eea5e63a211dfff7eb0f091c4133e2d0dd28f"
  integrity sha512-wD2AeVmxXRBoX44wAycgjVpMhvbwdI2aZjCkvfNcH1YqHQvJVa1duWc73OyVGJUc05fhFaTZeQ/PYsrmyH0JVA==
  dependencies:
    through "2"

stream-combiner@~0.0.4:
  version "0.0.4"
  resolved "https://registry.yarnpkg.com/stream-combiner/-/stream-combiner-0.0.4.tgz#4d5e433c185261dde623ca3f44c586bcf5c4ad14"
  integrity sha512-rT00SPnTVyRsaSz5zgSPma/aHSOic5U1prhYdRy5HS2kTZviFpmDgzilbtsJsxiroqACmayynDN/9VzIbX5DOw==
  dependencies:
    duplexer "~0.1.1"

string_decoder@^1.1.1:
  version "1.3.0"
  resolved "https://registry.yarnpkg.com/string_decoder/-/string_decoder-1.3.0.tgz#42f114594a46cf1a8e30b0a84f56c78c3edac21e"
  integrity sha512-hkRX8U1WjJFd8LsDJ2yQ/wWWxaopEsABU1XfkM8A+j0+85JAGppt16cr1Whg6KIbb4okU6Mql6BOj+uup/wKeA==
  dependencies:
    safe-buffer "~5.2.0"

strip-ansi@^6.0.0:
  version "6.0.1"
  resolved "https://registry.yarnpkg.com/strip-ansi/-/strip-ansi-6.0.1.tgz#9e26c63d30f53443e9489495b2105d37b67a85d9"
  integrity sha512-Y38VPSHcqkFrCpFnQ9vuSXmquuv5oXOKpGeT6aGrr3o3Gc9AlVa6JBfUSOCnbxGGZF+/0ooI7KrPuUSztUdU5A==
  dependencies:
    ansi-regex "^5.0.1"

supports-color@^7.1.0:
  version "7.2.0"
  resolved "https://registry.yarnpkg.com/supports-color/-/supports-color-7.2.0.tgz#1b7dcdcb32b8138801b3e478ba6a51caa89648da"
  integrity sha512-qpCAvRl9stuOHveKsn7HncJRvv501qIacKzQlO/+Lwxc9+0q2wLyv4Dfvt80/DPn2pqOBsJdDiogXGR9+OvwRw==
  dependencies:
    has-flag "^4.0.0"

through@2, through@~2.3, through@~2.3.1:
  version "2.3.8"
  resolved "https://registry.yarnpkg.com/through/-/through-2.3.8.tgz#0dd4c9ffaabc357960b1b724115d7e0e86a2e1f5"
  integrity sha512-w89qg7PI8wAdvX60bMDP+bFoD5Dvhm9oLheFp5O4a2QF0cSBGsBX4qZmadPMvVqlLJBBci+WqGGOAPvcDeNSVg==

to-regex-range@^5.0.1:
  version "5.0.1"
  resolved "https://registry.yarnpkg.com/to-regex-range/-/to-regex-range-5.0.1.tgz#1648c44aae7c8d988a326018ed72f5b4dd0392e4"
  integrity sha512-65P7iz6X5yEr1cwcgvQxbbIw7Uk3gOy5dIdtZ4rDveLqhrdJP+Li/Hx6tyK0NEb+2GCyneCMJiGqrADCSNk8sQ==
  dependencies:
    is-number "^7.0.0"

tr46@~0.0.3:
  version "0.0.3"
  resolved "https://registry.yarnpkg.com/tr46/-/tr46-0.0.3.tgz#8184fd347dac9cdc185992f3a6622e14b9d9ab6a"
  integrity sha512-N3WMsuqV66lT30CrXNbEjx4GEwlow3v6rr4mCcv6prnfwhS01rkgyFdjPNBYd9br7LpXV1+Emh01fHnq2Gdgrw==

universal-github-app-jwt@^1.0.1:
  version "1.1.1"
  resolved "https://registry.yarnpkg.com/universal-github-app-jwt/-/universal-github-app-jwt-1.1.1.tgz#d57cee49020662a95ca750a057e758a1a7190e6e"
  integrity sha512-G33RTLrIBMFmlDV4u4CBF7dh71eWwykck4XgaxaIVeZKOYZRAAxvcGMRFTUclVY6xoUPQvO4Ne5wKGxYm/Yy9w==
  dependencies:
    "@types/jsonwebtoken" "^9.0.0"
    jsonwebtoken "^9.0.0"

universal-user-agent@^6.0.0:
  version "6.0.0"
  resolved "https://registry.yarnpkg.com/universal-user-agent/-/universal-user-agent-6.0.0.tgz#3381f8503b251c0d9cd21bc1de939ec9df5480ee"
  integrity sha512-isyNax3wXoKaulPDZWHQqbmIx1k2tb9fb3GGDBRxCscfYV2Ch7WxPArBsFEG8s/safwXTT7H4QGhaIkTp9447w==

universalify@^2.0.0:
  version "2.0.0"
  resolved "https://registry.yarnpkg.com/universalify/-/universalify-2.0.0.tgz#75a4984efedc4b08975c5aeb73f530d02df25717"
  integrity sha512-hAZsKq7Yy11Zu1DE0OzWjw7nnLZmJZYTDZZyEFHZdUhV8FkH5MCfoU1XMaxXovpyW5nq5scPqq0ZDP9Zyl04oQ==

util-deprecate@^1.0.1:
  version "1.0.2"
  resolved "https://registry.yarnpkg.com/util-deprecate/-/util-deprecate-1.0.2.tgz#450d4dc9fa70de732762fbd2d4a28981419a0ccf"
  integrity sha512-EPD5q1uXyFxJpCrLnCc1nHnq3gOa6DZBocAIiI2TaSCA7VCJ1UJDMagCzIkXNsUYfD1daK//LTEQ8xiIbrHtcw==

wcwidth@^1.0.1:
  version "1.0.1"
  resolved "https://registry.yarnpkg.com/wcwidth/-/wcwidth-1.0.1.tgz#f0b0dcf915bc5ff1528afadb2c0e17b532da2fe8"
  integrity sha512-XHPEwS0q6TaxcvG85+8EYkbiCux2XtWG2mkc47Ng2A77BQu9+DqIOJldST4HgPkuea7dvKSj5VgX3P1d4rW8Tg==
  dependencies:
    defaults "^1.0.3"

web-streams-polyfill@^3.0.3:
  version "3.2.1"
  resolved "https://registry.yarnpkg.com/web-streams-polyfill/-/web-streams-polyfill-3.2.1.tgz#71c2718c52b45fd49dbeee88634b3a60ceab42a6"
  integrity sha512-e0MO3wdXWKrLbL0DgGnUV7WHVuw9OUvL4hjgnPkIeEvESk74gAITi5G606JtZPp39cd8HA9VQzCIvA49LpPN5Q==

webidl-conversions@^3.0.0:
  version "3.0.1"
  resolved "https://registry.yarnpkg.com/webidl-conversions/-/webidl-conversions-3.0.1.tgz#24534275e2a7bc6be7bc86611cc16ae0a5654871"
  integrity sha512-2JAn3z8AR6rjK8Sm8orRC0h/bcl/DqL7tRPdGZ4I1CjdF+EaMLmYxBHyXuKL849eucPFhvBoxMsflfOb8kxaeQ==

webpod@^0:
  version "0.0.2"
  resolved "https://registry.yarnpkg.com/webpod/-/webpod-0.0.2.tgz#b577c93604fd23596488735887168b3236e3adae"
  integrity sha512-cSwwQIeg8v4i3p4ajHhwgR7N6VyxAf+KYSSsY6Pd3aETE+xEU4vbitz7qQkB0I321xnhDdgtxuiSfk5r/FVtjg==

whatwg-url@^5.0.0:
  version "5.0.0"
  resolved "https://registry.yarnpkg.com/whatwg-url/-/whatwg-url-5.0.0.tgz#966454e8765462e37644d3626f6742ce8b70965d"
  integrity sha512-saE57nupxk6v3HY35+jzBwYa0rKSy0XR8JSxZPwgLr7ys0IBzhGviA1/TUGJLmSVqs8pb9AnvICXEuOHLprYTw==
  dependencies:
    tr46 "~0.0.3"
    webidl-conversions "^3.0.0"

which@^3.0.0:
  version "3.0.1"
  resolved "https://registry.yarnpkg.com/which/-/which-3.0.1.tgz#89f1cd0c23f629a8105ffe69b8172791c87b4be1"
  integrity sha512-XA1b62dzQzLfaEOSQFTCOd5KFf/1VSzZo7/7TUjnya6u0vGGKzU96UQBZTAThCb2j4/xjBAyii1OhRLJEivHvg==
  dependencies:
    isexe "^2.0.0"

wrappy@1:
  version "1.0.2"
  resolved "https://registry.yarnpkg.com/wrappy/-/wrappy-1.0.2.tgz#b5243d8f3ec1aa35f1364605bc0d1036e30ab69f"
  integrity sha512-l4Sp/DRseor9wL6EvV2+TuQn63dMkPjZ/sp9XkghTEbV9KlPS1xUsZ3u7/IQO4wxtcFB4bgpQPRcR3QCvezPcQ==

yallist@^4.0.0:
  version "4.0.0"
  resolved "https://registry.yarnpkg.com/yallist/-/yallist-4.0.0.tgz#9bb92790d9c0effec63be73519e11a35019a3a72"
  integrity sha512-3wdGidZyq5PB084XLES5TpOSRA3wjXAlIWMhum2kRcv/41Sn2emQ0dycQW4uZXLejwKvg6EsvbdlVL+FYEct7A==

yaml@^2.2.2:
  version "2.3.2"
  resolved "https://registry.yarnpkg.com/yaml/-/yaml-2.3.2.tgz#f522db4313c671a0ca963a75670f1c12ea909144"
  integrity sha512-N/lyzTPaJasoDmfV7YTrYCI0G/3ivm/9wdG0aHuheKowWQwGTsK0Eoiw6utmzAnI6pkJa0DUVygvp3spqqEKXg==

zx@^7.2.3:
  version "7.2.3"
  resolved "https://registry.yarnpkg.com/zx/-/zx-7.2.3.tgz#d9fef6bd084f7e21994080de09fb20e441074c39"
  integrity sha512-QODu38nLlYXg/B/Gw7ZKiZrvPkEsjPN3LQ5JFXM7h0JvwhEdPNNl+4Ao1y4+o3CLNiDUNcwzQYZ4/Ko7kKzCMA==
  dependencies:
    "@types/fs-extra" "^11.0.1"
    "@types/minimist" "^1.2.2"
    "@types/node" "^18.16.3"
    "@types/ps-tree" "^1.1.2"
    "@types/which" "^3.0.0"
    chalk "^5.2.0"
    fs-extra "^11.1.1"
    fx "*"
    globby "^13.1.4"
    minimist "^1.2.8"
    node-fetch "3.3.1"
    ps-tree "^1.2.0"
    webpod "^0"
    which "^3.0.0"
    yaml "^2.2.2"
